
Microsoft Visual Studio Solution File, Format Version 12.00
# Visual Studio 15
VisualStudioVersion = 15.0.26730.15
MinimumVisualStudioVersion = 10.0.40219.1
Project("{FAE04EC0-301F-11D3-BF4B-00C04F79EFBC}") = "PovSharp", "PovSharp\PovSharp.csproj", "{770C1F3D-B12D-411B-9CC6-E6A20C7F8B2D}"
EndProject
Project("{FAE04EC0-301F-11D3-BF4B-00C04F79EFBC}") = "PovSharp.XUnit", "PovSharp.XUnit\PovSharp.XUnit.csproj", "{0538633D-9954-4912-96CC-4E682A7B47FA}"
EndProject
Project("{FAE04EC0-301F-11D3-BF4B-00C04F79EFBC}") = "PovSharp.Demos", "PovSharp.Demos\PovSharp.Demos.csproj", "{DDFD4F71-2448-4D62-90E9-7F2E25E258EF}"
EndProject
Global
	GlobalSection(SolutionConfigurationPlatforms) = preSolution
		Debug|Any CPU = Debug|Any CPU
		Release|Any CPU = Release|Any CPU
		Debug|x64 = Debug|x64
		Debug|x86 = Debug|x86
		Release|x64 = Release|x64
		Release|x86 = Release|x86
	EndGlobalSection
	GlobalSection(ProjectConfigurationPlatforms) = postSolution
		{770C1F3D-B12D-411B-9CC6-E6A20C7F8B2D}.Debug|Any CPU.ActiveCfg = Debug|Any CPU
		{770C1F3D-B12D-411B-9CC6-E6A20C7F8B2D}.Debug|Any CPU.Build.0 = Debug|Any CPU
		{770C1F3D-B12D-411B-9CC6-E6A20C7F8B2D}.Release|Any CPU.ActiveCfg = Release|Any CPU
		{770C1F3D-B12D-411B-9CC6-E6A20C7F8B2D}.Release|Any CPU.Build.0 = Release|Any CPU
		{0538633D-9954-4912-96CC-4E682A7B47FA}.Debug|Any CPU.ActiveCfg = Debug|Any CPU
		{0538633D-9954-4912-96CC-4E682A7B47FA}.Debug|Any CPU.Build.0 = Debug|Any CPU
		{0538633D-9954-4912-96CC-4E682A7B47FA}.Debug|x64.ActiveCfg = Debug|x64
		{0538633D-9954-4912-96CC-4E682A7B47FA}.Debug|x64.Build.0 = Debug|x64
		{0538633D-9954-4912-96CC-4E682A7B47FA}.Debug|x86.ActiveCfg = Debug|x86
		{0538633D-9954-4912-96CC-4E682A7B47FA}.Debug|x86.Build.0 = Debug|x86
		{0538633D-9954-4912-96CC-4E682A7B47FA}.Release|Any CPU.ActiveCfg = Release|Any CPU
		{0538633D-9954-4912-96CC-4E682A7B47FA}.Release|Any CPU.Build.0 = Release|Any CPU
		{0538633D-9954-4912-96CC-4E682A7B47FA}.Release|x64.ActiveCfg = Release|x64
		{0538633D-9954-4912-96CC-4E682A7B47FA}.Release|x64.Build.0 = Release|x64
		{0538633D-9954-4912-96CC-4E682A7B47FA}.Release|x86.ActiveCfg = Release|x86
		{0538633D-9954-4912-96CC-4E682A7B47FA}.Release|x86.Build.0 = Release|x86
		{DDFD4F71-2448-4D62-90E9-7F2E25E258EF}.Debug|Any CPU.ActiveCfg = Debug|Any CPU
		{DDFD4F71-2448-4D62-90E9-7F2E25E258EF}.Debug|Any CPU.Build.0 = Debug|Any CPU
		{DDFD4F71-2448-4D62-90E9-7F2E25E258EF}.Debug|x64.ActiveCfg = Debug|x64
		{DDFD4F71-2448-4D62-90E9-7F2E25E258EF}.Debug|x64.Build.0 = Debug|x64
		{DDFD4F71-2448-4D62-90E9-7F2E25E258EF}.Debug|x86.ActiveCfg = Debug|x86
		{DDFD4F71-2448-4D62-90E9-7F2E25E258EF}.Debug|x86.Build.0 = Debug|x86
		{DDFD4F71-2448-4D62-90E9-7F2E25E258EF}.Release|Any CPU.ActiveCfg = Release|Any CPU
		{DDFD4F71-2448-4D62-90E9-7F2E25E258EF}.Release|Any CPU.Build.0 = Release|Any CPU
		{DDFD4F71-2448-4D62-90E9-7F2E25E258EF}.Release|x64.ActiveCfg = Release|x64
		{DDFD4F71-2448-4D62-90E9-7F2E25E258EF}.Release|x64.Build.0 = Release|x64
		{DDFD4F71-2448-4D62-90E9-7F2E25E258EF}.Release|x86.ActiveCfg = Release|x86
		{DDFD4F71-2448-4D62-90E9-7F2E25E258EF}.Release|x86.Build.0 = Release|x86
	EndGlobalSection
	GlobalSection(SolutionProperties) = preSolution
		HideSolutionNode = FALSE
	EndGlobalSection
	GlobalSection(ExtensibilityGlobals) = postSolution
		SolutionGuid = {E6481AFD-859B-46B0-8493-7354C1E5ADE3}
	EndGlobalSection
EndGlobal
