
Microsoft Visual Studio Solution File, Format Version 12.00
# Visual Studio 15
VisualStudioVersion = 15.0.26730.15
MinimumVisualStudioVersion = 10.0.40219.1
Project("{FAE04EC0-301F-11D3-BF4B-00C04F79EFBC}") = "PovSharp", "PovSharp\PovSharp.csproj", "{770C1F3D-B12D-411B-9CC6-E6A20C7F8B2D}"
EndProject
Global
	GlobalSection(SolutionConfigurationPlatforms) = preSolution
		Debug|Any CPU = Debug|Any CPU
		Release|Any CPU = Release|Any CPU
	EndGlobalSection
	GlobalSection(ProjectConfigurationPlatforms) = postSolution
		{770C1F3D-B12D-411B-9CC6-E6A20C7F8B2D}.Debug|Any CPU.ActiveCfg = Debug|Any CPU
		{770C1F3D-B12D-411B-9CC6-E6A20C7F8B2D}.Debug|Any CPU.Build.0 = Debug|Any CPU
		{770C1F3D-B12D-411B-9CC6-E6A20C7F8B2D}.Release|Any CPU.ActiveCfg = Release|Any CPU
		{770C1F3D-B12D-411B-9CC6-E6A20C7F8B2D}.Release|Any CPU.Build.0 = Release|Any CPU
	EndGlobalSection
	GlobalSection(SolutionProperties) = preSolution
		HideSolutionNode = FALSE
	EndGlobalSection
	GlobalSection(ExtensibilityGlobals) = postSolution
		SolutionGuid = {E6481AFD-859B-46B0-8493-7354C1E5ADE3}
	EndGlobalSection
EndGlobal
